
Microsoft Visual Studio Solution File, Format Version 12.00
# Visual Studio Version 16
VisualStudioVersion = 16.0.30204.135
MinimumVisualStudioVersion = 10.0.40219.1
Project("{FAE04EC0-301F-11D3-BF4B-00C04F79EFBC}") = "ExampleObserverPattern", "ExampleObserverPattern\ExampleObserverPattern.csproj", "{6907FE79-EEA7-433A-A9AA-6ACBCBB2034C}"
EndProject
Global
	GlobalSection(SolutionConfigurationPlatforms) = preSolution
		Debug|Any CPU = Debug|Any CPU
		Release|Any CPU = Release|Any CPU
	EndGlobalSection
	GlobalSection(ProjectConfigurationPlatforms) = postSolution
		{6907FE79-EEA7-433A-A9AA-6ACBCBB2034C}.Debug|Any CPU.ActiveCfg = Debug|Any CPU
		{6907FE79-EEA7-433A-A9AA-6ACBCBB2034C}.Debug|Any CPU.Build.0 = Debug|Any CPU
		{6907FE79-EEA7-433A-A9AA-6ACBCBB2034C}.Release|Any CPU.ActiveCfg = Release|Any CPU
		{6907FE79-EEA7-433A-A9AA-6ACBCBB2034C}.Release|Any CPU.Build.0 = Release|Any CPU
	EndGlobalSection
	GlobalSection(SolutionProperties) = preSolution
		HideSolutionNode = FALSE
	EndGlobalSection
	GlobalSection(ExtensibilityGlobals) = postSolution
		SolutionGuid = {09F9232E-2AE5-45D5-8C73-35800A609FBB}
	EndGlobalSection
EndGlobal
